# Environment Lock File - Adelic BSD Project
# This file ensures reproducibility across different environments
# Generated: 2026-01-06
# Python Version: 3.9-3.12 compatible

# ============================================================================
# ENVIRONMENT METADATA
# ============================================================================
generated_at: 2026-01-06T20:54:29Z
python_version_min: 3.9
python_version_max: 3.12
os_target: ubuntu-22.04
sagemath_version: 9.8

# ============================================================================
# ENVIRONMENT HASH (SHA-256)
# ============================================================================
# This hash is computed from the complete pip freeze output
# Regenerate with: pip freeze | sha256sum
# Format: environment_hash=<sha256>
#
# To verify your environment matches this lock:
# 1. pip install -r requirements_ci.txt
# 2. pip freeze | sha256sum
# 3. Compare with environment_hash below
#
# NOTE: Hash will vary slightly due to platform-specific builds
#       Use this as a reference, not strict validation

environment_hash=383367de60c5a2d6c409acf1b034a7ddad5428eefb666c14ae402ed5d2b32e81

# ============================================================================
# CORE DEPENDENCIES (from requirements.txt)
# ============================================================================
# Mathematical and scientific computing
numpy==1.24.3
scipy==1.10.1
sympy==1.12.0
mpmath==1.3.0
pandas==2.0.3
matplotlib==3.7.2

# SageMath (Python <3.12 only)
# Installation options:
# 1. Docker container (recommended for CI/CD): sagemath/sagemath:9.8
# 2. System package: apt-get install sagemath / brew install sagemath
# 3. Conda: conda install -c conda-forge sage=9.8
# 4. pip (uncomment in requirements.txt): pip install sage-all==9.8
# sage-all==9.8  # Only if installed via pip

# Cryptography for signatures
cryptography==42.0.4

# Utilities
tqdm==4.65.0

# Testing
pytest==7.4.0
pytest-cov==4.1.0

# Documentation
sphinx==7.0.1
sphinx-rtd-theme==1.2.2
jupyter==1.0.0
ipywidgets==8.0.7

# ============================================================================
# CI DEPENDENCIES (from requirements_ci.txt)
# ============================================================================
# Additional CI-only dependencies
flake8==6.0.0

# ============================================================================
# DEVELOPMENT DEPENDENCIES (from requirements-dev.txt)
# ============================================================================
# Code quality
black==23.7.0
isort==5.12.0
mypy==1.4.1

# Testing utilities
pytest-xdist==3.3.1
pytest-timeout==2.1.0
coverage==7.2.7

# Documentation tools
sphinx-autodoc-typehints==1.23.3

# Development tools
ipython==8.14.0
ipdb==0.13.13

# ============================================================================
# VERIFICATION INSTRUCTIONS
# ============================================================================
#
# To verify environment integrity:
#
# 1. Install exact versions:
#    pip install -r requirements.txt
#
# 2. Verify installation:
#    pip freeze > current_env.txt
#    
# 3. Compare with this lock file:
#    diff <(grep -E '^[a-zA-Z]' ENV.lock | sort) <(pip freeze | sort)
#
# 4. For CI environments:
#    pip install -r requirements_ci.txt
#
# 5. For development:
#    pip install -r requirements-dev.txt
#
# ============================================================================
# COMPATIBILITY NOTES
# ============================================================================
#
# Python 3.9-3.11: Full support with all dependencies
# Python 3.12: SageMath not available, use container
# Python 3.13: Experimental, some dependencies may not be available
#
# Operating Systems:
# - Ubuntu 22.04 LTS (primary CI/CD)
# - Ubuntu 20.04 LTS (supported)
# - macOS 11+ (supported, some version differences expected)
# - Windows 10+ (supported via WSL2)
#
# ============================================================================
# SECURITY NOTES
# ============================================================================
#
# All dependencies are pinned to specific versions for:
# 1. Reproducibility: Same results across environments
# 2. Security: Known versions, auditable
# 3. Stability: No unexpected breaking changes
#
# Update policy:
# - Security patches: Immediate (within 48 hours)
# - Bug fixes: Next minor release
# - Feature updates: Quarterly review
#
# Last security audit: 2026-01-06
# Next scheduled audit: 2026-04-06
#
# ============================================================================
# MAINTENANCE LOG
# ============================================================================
#
# 2026-01-06: Initial creation with pinned versions
#             - All requirements files updated to exact versions
#             - GitHub Actions pinned to commit SHAs
#             - OS versions explicitly specified
#             - Container versions pinned
#
# ============================================================================
